
Microsoft Visual Studio Solution File, Format Version 12.00
# Visual Studio Version 18
VisualStudioVersion = 18.0.11018.127 d18.0
MinimumVisualStudioVersion = 10.0.40219.1
Project("{FAE04EC0-301F-11D3-BF4B-00C04F79EFBC}") = "NotifySend", "NotifySend.csproj", "{28194612-B190-537D-4F3F-82B3F2D40850}"
EndProject
Global
	GlobalSection(SolutionConfigurationPlatforms) = preSolution
		Debug|Any CPU = Debug|Any CPU
		Release|Any CPU = Release|Any CPU
	EndGlobalSection
	GlobalSection(ProjectConfigurationPlatforms) = postSolution
		{28194612-B190-537D-4F3F-82B3F2D40850}.Debug|Any CPU.ActiveCfg = Debug|Any CPU
		{28194612-B190-537D-4F3F-82B3F2D40850}.Debug|Any CPU.Build.0 = Debug|Any CPU
		{28194612-B190-537D-4F3F-82B3F2D40850}.Release|Any CPU.ActiveCfg = Release|Any CPU
		{28194612-B190-537D-4F3F-82B3F2D40850}.Release|Any CPU.Build.0 = Release|Any CPU
	EndGlobalSection
	GlobalSection(SolutionProperties) = preSolution
		HideSolutionNode = FALSE
	EndGlobalSection
	GlobalSection(ExtensibilityGlobals) = postSolution
		SolutionGuid = {3AF8F1BF-0E61-4BB3-87F9-CD400AAEC64A}
	EndGlobalSection
EndGlobal
